
Microsoft Visual Studio Solution File, Format Version 12.00
# Visual Studio Version 17
VisualStudioVersion = 17.0.31903.59
MinimumVisualStudioVersion = 10.0.40219.1
Project("{FAE04EC0-301F-11D3-BF4B-00C04F79EFBC}") = "PaymentContext.Domain", "PaymentContext.Domain\PaymentContext.Domain.csproj", "{9BCBAABF-7EDF-415C-8F5A-31315B2588CF}"
EndProject
Project("{FAE04EC0-301F-11D3-BF4B-00C04F79EFBC}") = "PaymentContext.Shared", "PaymentContext.Shared\PaymentContext.Shared.csproj", "{97EAA1A5-9A86-4B95-83C6-9F065A53F6F2}"
EndProject
Project("{FAE04EC0-301F-11D3-BF4B-00C04F79EFBC}") = "PaymentContext.Tests", "PaymentContext.Tests\PaymentContext.Tests.csproj", "{6CA91101-4A32-4FD9-BB31-5A4883FD4775}"
EndProject
Global
	GlobalSection(SolutionConfigurationPlatforms) = preSolution
		Debug|Any CPU = Debug|Any CPU
		Release|Any CPU = Release|Any CPU
	EndGlobalSection
	GlobalSection(SolutionProperties) = preSolution
		HideSolutionNode = FALSE
	EndGlobalSection
	GlobalSection(ProjectConfigurationPlatforms) = postSolution
		{9BCBAABF-7EDF-415C-8F5A-31315B2588CF}.Debug|Any CPU.ActiveCfg = Debug|Any CPU
		{9BCBAABF-7EDF-415C-8F5A-31315B2588CF}.Debug|Any CPU.Build.0 = Debug|Any CPU
		{9BCBAABF-7EDF-415C-8F5A-31315B2588CF}.Release|Any CPU.ActiveCfg = Release|Any CPU
		{9BCBAABF-7EDF-415C-8F5A-31315B2588CF}.Release|Any CPU.Build.0 = Release|Any CPU
		{97EAA1A5-9A86-4B95-83C6-9F065A53F6F2}.Debug|Any CPU.ActiveCfg = Debug|Any CPU
		{97EAA1A5-9A86-4B95-83C6-9F065A53F6F2}.Debug|Any CPU.Build.0 = Debug|Any CPU
		{97EAA1A5-9A86-4B95-83C6-9F065A53F6F2}.Release|Any CPU.ActiveCfg = Release|Any CPU
		{97EAA1A5-9A86-4B95-83C6-9F065A53F6F2}.Release|Any CPU.Build.0 = Release|Any CPU
		{6CA91101-4A32-4FD9-BB31-5A4883FD4775}.Debug|Any CPU.ActiveCfg = Debug|Any CPU
		{6CA91101-4A32-4FD9-BB31-5A4883FD4775}.Debug|Any CPU.Build.0 = Debug|Any CPU
		{6CA91101-4A32-4FD9-BB31-5A4883FD4775}.Release|Any CPU.ActiveCfg = Release|Any CPU
		{6CA91101-4A32-4FD9-BB31-5A4883FD4775}.Release|Any CPU.Build.0 = Release|Any CPU
	EndGlobalSection
EndGlobal
